// !$*UTF8*$!
{
	archiveVersion = 1;
	classes = {
	};
	objectVersion = 50;
	objects = {

/* Begin PBXBuildFile section */
		9417AFD726AA5CF600E0D183 /* TodoList.swift in Sources */ = {isa = PBXBuildFile; fileRef = 9417AFD626AA5CF600E0D183 /* TodoList.swift */; };
		947E228126A99DFF005518B6 /* studySwiftUIApp.swift in Sources */ = {isa = PBXBuildFile; fileRef = 947E228026A99DFF005518B6 /* studySwiftUIApp.swift */; };
		947E228326A99DFF005518B6 /* ContentView.swift in Sources */ = {isa = PBXBuildFile; fileRef = 947E228226A99DFF005518B6 /* ContentView.swift */; };
		947E228526A99E02005518B6 /* Assets.xcassets in Resources */ = {isa = PBXBuildFile; fileRef = 947E228426A99E02005518B6 /* Assets.xcassets */; };
		947E228826A99E02005518B6 /* Preview Assets.xcassets in Resources */ = {isa = PBXBuildFile; fileRef = 947E228726A99E02005518B6 /* Preview Assets.xcassets */; };
		947E229326A99E02005518B6 /* studySwiftUITests.swift in Sources */ = {isa = PBXBuildFile; fileRef = 947E229226A99E02005518B6 /* studySwiftUITests.swift */; };
		947E229E26A99E02005518B6 /* studySwiftUIUITests.swift in Sources */ = {isa = PBXBuildFile; fileRef = 947E229D26A99E02005518B6 /* studySwiftUIUITests.swift */; };
/* End PBXBuildFile section */

/* Begin PBXContainerItemProxy section */
		947E228F26A99E02005518B6 /* PBXContainerItemProxy */ = {
			isa = PBXContainerItemProxy;
			containerPortal = 947E227526A99DFF005518B6 /* Project object */;
			proxyType = 1;
			remoteGlobalIDString = 947E227C26A99DFF005518B6;
			remoteInfo = studySwiftUI;
		};
		947E229A26A99E02005518B6 /* PBXContainerItemProxy */ = {
			isa = PBXContainerItemProxy;
			containerPortal = 947E227526A99DFF005518B6 /* Project object */;
			proxyType = 1;
			remoteGlobalIDString = 947E227C26A99DFF005518B6;
			remoteInfo = studySwiftUI;
		};
/* End PBXContainerItemProxy section */

/* Begin PBXFileReference section */
		9417AFD626AA5CF600E0D183 /* TodoList.swift */ = {isa = PBXFileReference; lastKnownFileType = sourcecode.swift; path = TodoList.swift; sourceTree = "<group>"; };
		947E227D26A99DFF005518B6 /* studySwiftUI.app */ = {isa = PBXFileReference; explicitFileType = wrapper.application; includeInIndex = 0; path = studySwiftUI.app; sourceTree = BUILT_PRODUCTS_DIR; };
		947E228026A99DFF005518B6 /* studySwiftUIApp.swift */ = {isa = PBXFileReference; lastKnownFileType = sourcecode.swift; path = studySwiftUIApp.swift; sourceTree = "<group>"; };
		947E228226A99DFF005518B6 /* ContentView.swift */ = {isa = PBXFileReference; lastKnownFileType = sourcecode.swift; path = ContentView.swift; sourceTree = "<group>"; };
		947E228426A99E02005518B6 /* Assets.xcassets */ = {isa = PBXFileReference; lastKnownFileType = folder.assetcatalog; path = Assets.xcassets; sourceTree = "<group>"; };
		947E228726A99E02005518B6 /* Preview Assets.xcassets */ = {isa = PBXFileReference; lastKnownFileType = folder.assetcatalog; path = "Preview Assets.xcassets"; sourceTree = "<group>"; };
		947E228926A99E02005518B6 /* Info.plist */ = {isa = PBXFileReference; lastKnownFileType = text.plist.xml; path = Info.plist; sourceTree = "<group>"; };
		947E228E26A99E02005518B6 /* studySwiftUITests.xctest */ = {isa = PBXFileReference; explicitFileType = wrapper.cfbundle; includeInIndex = 0; path = studySwiftUITests.xctest; sourceTree = BUILT_PRODUCTS_DIR; };
		947E229226A99E02005518B6 /* studySwiftUITests.swift */ = {isa = PBXFileReference; lastKnownFileType = sourcecode.swift; path = studySwiftUITests.swift; sourceTree = "<group>"; };
		947E229426A99E02005518B6 /* Info.plist */ = {isa = PBXFileReference; lastKnownFileType = text.plist.xml; path = Info.plist; sourceTree = "<group>"; };
		947E229926A99E02005518B6 /* studySwiftUIUITests.xctest */ = {isa = PBXFileReference; explicitFileType = wrapper.cfbundle; includeInIndex = 0; path = studySwiftUIUITests.xctest; sourceTree = BUILT_PRODUCTS_DIR; };
		947E229D26A99E02005518B6 /* studySwiftUIUITests.swift */ = {isa = PBXFileReference; lastKnownFileType = sourcecode.swift; path = studySwiftUIUITests.swift; sourceTree = "<group>"; };
		947E229F26A99E02005518B6 /* Info.plist */ = {isa = PBXFileReference; lastKnownFileType = text.plist.xml; path = Info.plist; sourceTree = "<group>"; };
/* End PBXFileReference section */

/* Begin PBXFrameworksBuildPhase section */
		947E227A26A99DFF005518B6 /* Frameworks */ = {
			isa = PBXFrameworksBuildPhase;
			buildActionMask = 2147483647;
			files = (
			);
			runOnlyForDeploymentPostprocessing = 0;
		};
		947E228B26A99E02005518B6 /* Frameworks */ = {
			isa = PBXFrameworksBuildPhase;
			buildActionMask = 2147483647;
			files = (
			);
			runOnlyForDeploymentPostprocessing = 0;
		};
		947E229626A99E02005518B6 /* Frameworks */ = {
			isa = PBXFrameworksBuildPhase;
			buildActionMask = 2147483647;
			files = (
			);
			runOnlyForDeploymentPostprocessing = 0;
		};
/* End PBXFrameworksBuildPhase section */

/* Begin PBXGroup section */
		947E227426A99DFF005518B6 = {
			isa = PBXGroup;
			children = (
				947E227F26A99DFF005518B6 /* studySwiftUI */,
				947E229126A99E02005518B6 /* studySwiftUITests */,
				947E229C26A99E02005518B6 /* studySwiftUIUITests */,
				947E227E26A99DFF005518B6 /* Products */,
			);
			sourceTree = "<group>";
		};
		947E227E26A99DFF005518B6 /* Products */ = {
			isa = PBXGroup;
			children = (
				947E227D26A99DFF005518B6 /* studySwiftUI.app */,
				947E228E26A99E02005518B6 /* studySwiftUITests.xctest */,
				947E229926A99E02005518B6 /* studySwiftUIUITests.xctest */,
			);
			name = Products;
			sourceTree = "<group>";
		};
		947E227F26A99DFF005518B6 /* studySwiftUI */ = {
			isa = PBXGroup;
			children = (
				947E228026A99DFF005518B6 /* studySwiftUIApp.swift */,
				947E228226A99DFF005518B6 /* ContentView.swift */,
				9417AFD626AA5CF600E0D183 /* TodoList.swift */,
				947E228426A99E02005518B6 /* Assets.xcassets */,
				947E228926A99E02005518B6 /* Info.plist */,
				947E228626A99E02005518B6 /* Preview Content */,
			);
			path = studySwiftUI;
			sourceTree = "<group>";
		};
		947E228626A99E02005518B6 /* Preview Content */ = {
			isa = PBXGroup;
			children = (
				947E228726A99E02005518B6 /* Preview Assets.xcassets */,
			);
			path = "Preview Content";
			sourceTree = "<group>";
		};
		947E229126A99E02005518B6 /* studySwiftUITests */ = {
			isa = PBXGroup;
			children = (
				947E229226A99E02005518B6 /* studySwiftUITests.swift */,
				947E229426A99E02005518B6 /* Info.plist */,
			);
			path = studySwiftUITests;
			sourceTree = "<group>";
		};
		947E229C26A99E02005518B6 /* studySwiftUIUITests */ = {
			isa = PBXGroup;
			children = (
				947E229D26A99E02005518B6 /* studySwiftUIUITests.swift */,
				947E229F26A99E02005518B6 /* Info.plist */,
			);
			path = studySwiftUIUITests;
			sourceTree = "<group>";
		};
/* End PBXGroup section */

/* Begin PBXNativeTarget section */
		947E227C26A99DFF005518B6 /* studySwiftUI */ = {
			isa = PBXNativeTarget;
			buildConfigurationList = 947E22A226A99E02005518B6 /* Build configuration list for PBXNativeTarget "studySwiftUI" */;
			buildPhases = (
				947E227926A99DFF005518B6 /* Sources */,
				947E227A26A99DFF005518B6 /* Frameworks */,
				947E227B26A99DFF005518B6 /* Resources */,
			);
			buildRules = (
			);
			dependencies = (
			);
			name = studySwiftUI;
			productName = studySwiftUI;
			productReference = 947E227D26A99DFF005518B6 /* studySwiftUI.app */;
			productType = "com.apple.product-type.application";
		};
		947E228D26A99E02005518B6 /* studySwiftUITests */ = {
			isa = PBXNativeTarget;
			buildConfigurationList = 947E22A526A99E02005518B6 /* Build configuration list for PBXNativeTarget "studySwiftUITests" */;
			buildPhases = (
				947E228A26A99E02005518B6 /* Sources */,
				947E228B26A99E02005518B6 /* Frameworks */,
				947E228C26A99E02005518B6 /* Resources */,
			);
			buildRules = (
			);
			dependencies = (
				947E229026A99E02005518B6 /* PBXTargetDependency */,
			);
			name = studySwiftUITests;
			productName = studySwiftUITests;
			productReference = 947E228E26A99E02005518B6 /* studySwiftUITests.xctest */;
			productType = "com.apple.product-type.bundle.unit-test";
		};
		947E229826A99E02005518B6 /* studySwiftUIUITests */ = {
			isa = PBXNativeTarget;
			buildConfigurationList = 947E22A826A99E02005518B6 /* Build configuration list for PBXNativeTarget "studySwiftUIUITests" */;
			buildPhases = (
				947E229526A99E02005518B6 /* Sources */,
				947E229626A99E02005518B6 /* Frameworks */,
				947E229726A99E02005518B6 /* Resources */,
			);
			buildRules = (
			);
			dependencies = (
				947E229B26A99E02005518B6 /* PBXTargetDependency */,
			);
			name = studySwiftUIUITests;
			productName = studySwiftUIUITests;
			productReference = 947E229926A99E02005518B6 /* studySwiftUIUITests.xctest */;
			productType = "com.apple.product-type.bundle.ui-testing";
		};
/* End PBXNativeTarget section */

/* Begin PBXProject section */
		947E227526A99DFF005518B6 /* Project object */ = {
			isa = PBXProject;
			attributes = {
				LastSwiftUpdateCheck = 1250;
				LastUpgradeCheck = 1250;
				TargetAttributes = {
					947E227C26A99DFF005518B6 = {
						CreatedOnToolsVersion = 12.5;
					};
					947E228D26A99E02005518B6 = {
						CreatedOnToolsVersion = 12.5;
						TestTargetID = 947E227C26A99DFF005518B6;
					};
					947E229826A99E02005518B6 = {
						CreatedOnToolsVersion = 12.5;
						TestTargetID = 947E227C26A99DFF005518B6;
					};
				};
			};
			buildConfigurationList = 947E227826A99DFF005518B6 /* Build configuration list for PBXProject "studySwiftUI" */;
			compatibilityVersion = "Xcode 9.3";
			developmentRegion = en;
			hasScannedForEncodings = 0;
			knownRegions = (
				en,
				Base,
			);
			mainGroup = 947E227426A99DFF005518B6;
			productRefGroup = 947E227E26A99DFF005518B6 /* Products */;
			projectDirPath = "";
			projectRoot = "";
			targets = (
				947E227C26A99DFF005518B6 /* studySwiftUI */,
				947E228D26A99E02005518B6 /* studySwiftUITests */,
				947E229826A99E02005518B6 /* studySwiftUIUITests */,
			);
		};
/* End PBXProject section */

/* Begin PBXResourcesBuildPhase section */
		947E227B26A99DFF005518B6 /* Resources */ = {
			isa = PBXResourcesBuildPhase;
			buildActionMask = 2147483647;
			files = (
				947E228826A99E02005518B6 /* Preview Assets.xcassets in Resources */,
				947E228526A99E02005518B6 /* Assets.xcassets in Resources */,
			);
			runOnlyForDeploymentPostprocessing = 0;
		};
		947E228C26A99E02005518B6 /* Resources */ = {
			isa = PBXResourcesBuildPhase;
			buildActionMask = 2147483647;
			files = (
			);
			runOnlyForDeploymentPostprocessing = 0;
		};
		947E229726A99E02005518B6 /* Resources */ = {
			isa = PBXResourcesBuildPhase;
			buildActionMask = 2147483647;
			files = (
			);
			runOnlyForDeploymentPostprocessing = 0;
		};
/* End PBXResourcesBuildPhase section */

/* Begin PBXSourcesBuildPhase section */
		947E227926A99DFF005518B6 /* Sources */ = {
			isa = PBXSourcesBuildPhase;
			buildActionMask = 2147483647;
			files = (
				947E228326A99DFF005518B6 /* ContentView.swift in Sources */,
				947E228126A99DFF005518B6 /* studySwiftUIApp.swift in Sources */,
				9417AFD726AA5CF600E0D183 /* TodoList.swift in Sources */,
			);
			runOnlyForDeploymentPostprocessing = 0;
		};
		947E228A26A99E02005518B6 /* Sources */ = {
			isa = PBXSourcesBuildPhase;
			buildActionMask = 2147483647;
			files = (
				947E229326A99E02005518B6 /* studySwiftUITests.swift in Sources */,
			);
			runOnlyForDeploymentPostprocessing = 0;
		};
		947E229526A99E02005518B6 /* Sources */ = {
			isa = PBXSourcesBuildPhase;
			buildActionMask = 2147483647;
			files = (
				947E229E26A99E02005518B6 /* studySwiftUIUITests.swift in Sources */,
			);
			runOnlyForDeploymentPostprocessing = 0;
		};
/* End PBXSourcesBuildPhase section */

/* Begin PBXTargetDependency section */
		947E229026A99E02005518B6 /* PBXTargetDependency */ = {
			isa = PBXTargetDependency;
			target = 947E227C26A99DFF005518B6 /* studySwiftUI */;
			targetProxy = 947E228F26A99E02005518B6 /* PBXContainerItemProxy */;
		};
		947E229B26A99E02005518B6 /* PBXTargetDependency */ = {
			isa = PBXTargetDependency;
			target = 947E227C26A99DFF005518B6 /* studySwiftUI */;
			targetProxy = 947E229A26A99E02005518B6 /* PBXContainerItemProxy */;
		};
/* End PBXTargetDependency section */

/* Begin XCBuildConfiguration section */
		947E22A026A99E02005518B6 /* Debug */ = {
			isa = XCBuildConfiguration;
			buildSettings = {
				ALWAYS_SEARCH_USER_PATHS = NO;
				CLANG_ANALYZER_NONNULL = YES;
				CLANG_ANALYZER_NUMBER_OBJECT_CONVERSION = YES_AGGRESSIVE;
				CLANG_CXX_LANGUAGE_STANDARD = "gnu++14";
				CLANG_CXX_LIBRARY = "libc++";
				CLANG_ENABLE_MODULES = YES;
				CLANG_ENABLE_OBJC_ARC = YES;
				CLANG_ENABLE_OBJC_WEAK = YES;
				CLANG_WARN_BLOCK_CAPTURE_AUTORELEASING = YES;
				CLANG_WARN_BOOL_CONVERSION = YES;
				CLANG_WARN_COMMA = YES;
				CLANG_WARN_CONSTANT_CONVERSION = YES;
				CLANG_WARN_DEPRECATED_OBJC_IMPLEMENTATIONS = YES;
				CLANG_WARN_DIRECT_OBJC_ISA_USAGE = YES_ERROR;
				CLANG_WARN_DOCUMENTATION_COMMENTS = YES;
				CLANG_WARN_EMPTY_BODY = YES;
				CLANG_WARN_ENUM_CONVERSION = YES;
				CLANG_WARN_INFINITE_RECURSION = YES;
				CLANG_WARN_INT_CONVERSION = YES;
				CLANG_WARN_NON_LITERAL_NULL_CONVERSION = YES;
				CLANG_WARN_OBJC_IMPLICIT_RETAIN_SELF = YES;
				CLANG_WARN_OBJC_LITERAL_CONVERSION = YES;
				CLANG_WARN_OBJC_ROOT_CLASS = YES_ERROR;
				CLANG_WARN_QUOTED_INCLUDE_IN_FRAMEWORK_HEADER = YES;
				CLANG_WARN_RANGE_LOOP_ANALYSIS = YES;
				CLANG_WARN_STRICT_PROTOTYPES = YES;
				CLANG_WARN_SUSPICIOUS_MOVE = YES;
				CLANG_WARN_UNGUARDED_AVAILABILITY = YES_AGGRESSIVE;
				CLANG_WARN_UNREACHABLE_CODE = YES;
				CLANG_WARN__DUPLICATE_METHOD_MATCH = YES;
				COPY_PHASE_STRIP = NO;
				DEBUG_INFORMATION_FORMAT = dwarf;
				ENABLE_STRICT_OBJC_MSGSEND = YES;
				ENABLE_TESTABILITY = YES;
				GCC_C_LANGUAGE_STANDARD = gnu11;
				GCC_DYNAMIC_NO_PIC = NO;
				GCC_NO_COMMON_BLOCKS = YES;
				GCC_OPTIMIZATION_LEVEL = 0;
				GCC_PREPROCESSOR_DEFINITIONS = (
					"DEBUG=1",
					"$(inherited)",
				);
				GCC_WARN_64_TO_32_BIT_CONVERSION = YES;
				GCC_WARN_ABOUT_RETURN_TYPE = YES_ERROR;
				GCC_WARN_UNDECLARED_SELECTOR = YES;
				GCC_WARN_UNINITIALIZED_AUTOS = YES_AGGRESSIVE;
				GCC_WARN_UNUSED_FUNCTION = YES;
				GCC_WARN_UNUSED_VARIABLE = YES;
				IPHONEOS_DEPLOYMENT_TARGET = 14.5;
				MTL_ENABLE_DEBUG_INFO = INCLUDE_SOURCE;
				MTL_FAST_MATH = YES;
				ONLY_ACTIVE_ARCH = YES;
				SDKROOT = iphoneos;
				SWIFT_ACTIVE_COMPILATION_CONDITIONS = DEBUG;
				SWIFT_OPTIMIZATION_LEVEL = "-Onone";
			};
			name = Debug;
		};
		947E22A126A99E02005518B6 /* Release */ = {
			isa = XCBuildConfiguration;
			buildSettings = {
				ALWAYS_SEARCH_USER_PATHS = NO;
				CLANG_ANALYZER_NONNULL = YES;
				CLANG_ANALYZER_NUMBER_OBJECT_CONVERSION = YES_AGGRESSIVE;
				CLANG_CXX_LANGUAGE_STANDARD = "gnu++14";
				CLANG_CXX_LIBRARY = "libc++";
				CLANG_ENABLE_MODULES = YES;
				CLANG_ENABLE_OBJC_ARC = YES;
				CLANG_ENABLE_OBJC_WEAK = YES;
				CLANG_WARN_BLOCK_CAPTURE_AUTORELEASING = YES;
				CLANG_WARN_BOOL_CONVERSION = YES;
				CLANG_WARN_COMMA = YES;
				CLANG_WARN_CONSTANT_CONVERSION = YES;
				CLANG_WARN_DEPRECATED_OBJC_IMPLEMENTATIONS = YES;
				CLANG_WARN_DIRECT_OBJC_ISA_USAGE = YES_ERROR;
				CLANG_WARN_DOCUMENTATION_COMMENTS = YES;
				CLANG_WARN_EMPTY_BODY = YES;
				CLANG_WARN_ENUM_CONVERSION = YES;
				CLANG_WARN_INFINITE_RECURSION = YES;
				CLANG_WARN_INT_CONVERSION = YES;
				CLANG_WARN_NON_LITERAL_NULL_CONVERSION = YES;
				CLANG_WARN_OBJC_IMPLICIT_RETAIN_SELF = YES;
				CLANG_WARN_OBJC_LITERAL_CONVERSION = YES;
				CLANG_WARN_OBJC_ROOT_CLASS = YES_ERROR;
				CLANG_WARN_QUOTED_INCLUDE_IN_FRAMEWORK_HEADER = YES;
				CLANG_WARN_RANGE_LOOP_ANALYSIS = YES;
				CLANG_WARN_STRICT_PROTOTYPES = YES;
				CLANG_WARN_SUSPICIOUS_MOVE = YES;
				CLANG_WARN_UNGUARDED_AVAILABILITY = YES_AGGRESSIVE;
				CLANG_WARN_UNREACHABLE_CODE = YES;
				CLANG_WARN__DUPLICATE_METHOD_MATCH = YES;
				COPY_PHASE_STRIP = NO;
				DEBUG_INFORMATION_FORMAT = "dwarf-with-dsym";
				ENABLE_NS_ASSERTIONS = NO;
				ENABLE_STRICT_OBJC_MSGSEND = YES;
				GCC_C_LANGUAGE_STANDARD = gnu11;
				GCC_NO_COMMON_BLOCKS = YES;
				GCC_WARN_64_TO_32_BIT_CONVERSION = YES;
				GCC_WARN_ABOUT_RETURN_TYPE = YES_ERROR;
				GCC_WARN_UNDECLARED_SELECTOR = YES;
				GCC_WARN_UNINITIALIZED_AUTOS = YES_AGGRESSIVE;
				GCC_WARN_UNUSED_FUNCTION = YES;
				GCC_WARN_UNUSED_VARIABLE = YES;
				IPHONEOS_DEPLOYMENT_TARGET = 14.5;
				MTL_ENABLE_DEBUG_INFO = NO;
				MTL_FAST_MATH = YES;
				SDKROOT = iphoneos;
				SWIFT_COMPILATION_MODE = wholemodule;
				SWIFT_OPTIMIZATION_LEVEL = "-O";
				VALIDATE_PRODUCT = YES;
			};
			name = Release;
		};
		947E22A326A99E02005518B6 /* Debug */ = {
			isa = XCBuildConfiguration;
			buildSettings = {
				ASSETCATALOG_COMPILER_APPICON_NAME = AppIcon;
				ASSETCATALOG_COMPILER_GLOBAL_ACCENT_COLOR_NAME = AccentColor;
				CODE_SIGN_STYLE = Automatic;
				DEVELOPMENT_ASSET_PATHS = "\"studySwiftUI/Preview Content\"";
				DEVELOPMENT_TEAM = 4225JQURU5;
				ENABLE_PREVIEWS = YES;
				INFOPLIST_FILE = studySwiftUI/Info.plist;
				IPHONEOS_DEPLOYMENT_TARGET = 14.0;
				LD_RUNPATH_SEARCH_PATHS = (
					"$(inherited)",
					"@executable_path/Frameworks",
				);
				PRODUCT_BUNDLE_IDENTIFIER = kuwahara.studySwiftUI;
				PRODUCT_NAME = "$(TARGET_NAME)";
				SWIFT_VERSION = 5.0;
				TARGETED_DEVICE_FAMILY = 1;
			};
			name = Debug;
		};
		947E22A426A99E02005518B6 /* Release */ = {
			isa = XCBuildConfiguration;
			buildSettings = {
				ASSETCATALOG_COMPILER_APPICON_NAME = AppIcon;
				ASSETCATALOG_COMPILER_GLOBAL_ACCENT_COLOR_NAME = AccentColor;
				CODE_SIGN_STYLE = Automatic;
				DEVELOPMENT_ASSET_PATHS = "\"studySwiftUI/Preview Content\"";
				DEVELOPMENT_TEAM = 4225JQURU5;
				ENABLE_PREVIEWS = YES;
				INFOPLIST_FILE = studySwiftUI/Info.plist;
				IPHONEOS_DEPLOYMENT_TARGET = 14.0;
				LD_RUNPATH_SEARCH_PATHS = (
					"$(inherited)",
					"@executable_path/Frameworks",
				);
				PRODUCT_BUNDLE_IDENTIFIER = kuwahara.studySwiftUI;
				PRODUCT_NAME = "$(TARGET_NAME)";
				SWIFT_VERSION = 5.0;
				TARGETED_DEVICE_FAMILY = 1;
			};
			name = Release;
		};
		947E22A626A99E02005518B6 /* Debug */ = {
			isa = XCBuildConfiguration;
			buildSettings = {
				ALWAYS_EMBED_SWIFT_STANDARD_LIBRARIES = YES;
				BUNDLE_LOADER = "$(TEST_HOST)";
				CODE_SIGN_STYLE = Automatic;
				DEVELOPMENT_TEAM = 4225JQURU5;
				INFOPLIST_FILE = studySwiftUITests/Info.plist;
				IPHONEOS_DEPLOYMENT_TARGET = 14.0;
				LD_RUNPATH_SEARCH_PATHS = (
					"$(inherited)",
					"@executable_path/Frameworks",
					"@loader_path/Frameworks",
				);
				PRODUCT_BUNDLE_IDENTIFIER = kuwahara.studySwiftUITests;
				PRODUCT_NAME = "$(TARGET_NAME)";
				SWIFT_VERSION = 5.0;
				TARGETED_DEVICE_FAMILY = "1,2";
				TEST_HOST = "$(BUILT_PRODUCTS_DIR)/studySwiftUI.app/studySwiftUI";
			};
			name = Debug;
		};
		947E22A726A99E02005518B6 /* Release */ = {
			isa = XCBuildConfiguration;
			buildSettings = {
				ALWAYS_EMBED_SWIFT_STANDARD_LIBRARIES = YES;
				BUNDLE_LOADER = "$(TEST_HOST)";
				CODE_SIGN_STYLE = Automatic;
				DEVELOPMENT_TEAM = 4225JQURU5;
				INFOPLIST_FILE = studySwiftUITests/Info.plist;
				IPHONEOS_DEPLOYMENT_TARGET = 14.0;
				LD_RUNPATH_SEARCH_PATHS = (
					"$(inherited)",
					"@executable_path/Frameworks",
					"@loader_path/Frameworks",
				);
				PRODUCT_BUNDLE_IDENTIFIER = kuwahara.studySwiftUITests;
				PRODUCT_NAME = "$(TARGET_NAME)";
				SWIFT_VERSION = 5.0;
				TARGETED_DEVICE_FAMILY = "1,2";
				TEST_HOST = "$(BUILT_PRODUCTS_DIR)/studySwiftUI.app/studySwiftUI";
			};
			name = Release;
		};
		947E22A926A99E02005518B6 /* Debug */ = {
			isa = XCBuildConfiguration;
			buildSettings = {
				ALWAYS_EMBED_SWIFT_STANDARD_LIBRARIES = YES;
				CODE_SIGN_STYLE = Automatic;
				DEVELOPMENT_TEAM = 4225JQURU5;
				INFOPLIST_FILE = studySwiftUIUITests/Info.plist;
				LD_RUNPATH_SEARCH_PATHS = (
					"$(inherited)",
					"@executable_path/Frameworks",
					"@loader_path/Frameworks",
				);
				PRODUCT_BUNDLE_IDENTIFIER = kuwahara.studySwiftUIUITests;
				PRODUCT_NAME = "$(TARGET_NAME)";
				SWIFT_VERSION = 5.0;
				TARGETED_DEVICE_FAMILY = "1,2";
				TEST_TARGET_NAME = studySwiftUI;
			};
			name = Debug;
		};
		947E22AA26A99E02005518B6 /* Release */ = {
			isa = XCBuildConfiguration;
			buildSettings = {
				ALWAYS_EMBED_SWIFT_STANDARD_LIBRARIES = YES;
				CODE_SIGN_STYLE = Automatic;
				DEVELOPMENT_TEAM = 4225JQURU5;
				INFOPLIST_FILE = studySwiftUIUITests/Info.plist;
				LD_RUNPATH_SEARCH_PATHS = (
					"$(inherited)",
					"@executable_path/Frameworks",
					"@loader_path/Frameworks",
				);
				PRODUCT_BUNDLE_IDENTIFIER = kuwahara.studySwiftUIUITests;
				PRODUCT_NAME = "$(TARGET_NAME)";
				SWIFT_VERSION = 5.0;
				TARGETED_DEVICE_FAMILY = "1,2";
				TEST_TARGET_NAME = studySwiftUI;
			};
			name = Release;
		};
/* End XCBuildConfiguration section */

/* Begin XCConfigurationList section */
		947E227826A99DFF005518B6 /* Build configuration list for PBXProject "studySwiftUI" */ = {
			isa = XCConfigurationList;
			buildConfigurations = (
				947E22A026A99E02005518B6 /* Debug */,
				947E22A126A99E02005518B6 /* Release */,
			);
			defaultConfigurationIsVisible = 0;
			defaultConfigurationName = Release;
		};
		947E22A226A99E02005518B6 /* Build configuration list for PBXNativeTarget "studySwiftUI" */ = {
			isa = XCConfigurationList;
			buildConfigurations = (
				947E22A326A99E02005518B6 /* Debug */,
				947E22A426A99E02005518B6 /* Release */,
			);
			defaultConfigurationIsVisible = 0;
			defaultConfigurationName = Release;
		};
		947E22A526A99E02005518B6 /* Build configuration list for PBXNativeTarget "studySwiftUITests" */ = {
			isa = XCConfigurationList;
			buildConfigurations = (
				947E22A626A99E02005518B6 /* Debug */,
				947E22A726A99E02005518B6 /* Release */,
			);
			defaultConfigurationIsVisible = 0;
			defaultConfigurationName = Release;
		};
		947E22A826A99E02005518B6 /* Build configuration list for PBXNativeTarget "studySwiftUIUITests" */ = {
			isa = XCConfigurationList;
			buildConfigurations = (
				947E22A926A99E02005518B6 /* Debug */,
				947E22AA26A99E02005518B6 /* Release */,
			);
			defaultConfigurationIsVisible = 0;
			defaultConfigurationName = Release;
		};
/* End XCConfigurationList section */
	};
	rootObject = 947E227526A99DFF005518B6 /* Project object */;
}
